
Microsoft Visual Studio Solution File, Format Version 12.00
# Visual Studio 15
VisualStudioVersion = 15.0.27428.2043
MinimumVisualStudioVersion = 10.0.40219.1
Project("{FAE04EC0-301F-11D3-BF4B-00C04F79EFBC}") = "Bank.API", "Bank.API\Bank.API.csproj", "{120777DD-3343-4A1D-AFC4-C829A4D1D854}"
EndProject
Project("{FAE04EC0-301F-11D3-BF4B-00C04F79EFBC}") = "BankAPI.Test", "BankAPI.Test\BankAPI.Test.csproj", "{20D8E752-6907-438F-BC33-F58F63CE2849}"
EndProject
Global
	GlobalSection(SolutionConfigurationPlatforms) = preSolution
		Debug|Any CPU = Debug|Any CPU
		Release|Any CPU = Release|Any CPU
	EndGlobalSection
	GlobalSection(ProjectConfigurationPlatforms) = postSolution
		{120777DD-3343-4A1D-AFC4-C829A4D1D854}.Debug|Any CPU.ActiveCfg = Debug|Any CPU
		{120777DD-3343-4A1D-AFC4-C829A4D1D854}.Debug|Any CPU.Build.0 = Debug|Any CPU
		{120777DD-3343-4A1D-AFC4-C829A4D1D854}.Release|Any CPU.ActiveCfg = Release|Any CPU
		{120777DD-3343-4A1D-AFC4-C829A4D1D854}.Release|Any CPU.Build.0 = Release|Any CPU
		{20D8E752-6907-438F-BC33-F58F63CE2849}.Debug|Any CPU.ActiveCfg = Debug|Any CPU
		{20D8E752-6907-438F-BC33-F58F63CE2849}.Debug|Any CPU.Build.0 = Debug|Any CPU
		{20D8E752-6907-438F-BC33-F58F63CE2849}.Release|Any CPU.ActiveCfg = Release|Any CPU
		{20D8E752-6907-438F-BC33-F58F63CE2849}.Release|Any CPU.Build.0 = Release|Any CPU
	EndGlobalSection
	GlobalSection(SolutionProperties) = preSolution
		HideSolutionNode = FALSE
	EndGlobalSection
	GlobalSection(ExtensibilityGlobals) = postSolution
		SolutionGuid = {052531B0-F274-4B27-B5F5-E5F5B1033828}
	EndGlobalSection
EndGlobal
